
Microsoft Visual Studio Solution File, Format Version 12.00
# Visual Studio 15
VisualStudioVersion = 15.0.26124.0
MinimumVisualStudioVersion = 15.0.26124.0
Project("{FAE04EC0-301F-11D3-BF4B-00C04F79EFBC}") = "API", "API\API.csproj", "{3A017413-A2AE-4698-8643-BE66AD4E3E71}"
EndProject
Project("{FAE04EC0-301F-11D3-BF4B-00C04F79EFBC}") = "Application", "Application\Application.csproj", "{0D74B0A9-C89C-4A7E-8A06-F65D85B9C14C}"
EndProject
Project("{FAE04EC0-301F-11D3-BF4B-00C04F79EFBC}") = "Persistence", "Persistence\Persistence.csproj", "{8C8FE21D-923A-431F-A954-022DDF6E3C0D}"
EndProject
Project("{FAE04EC0-301F-11D3-BF4B-00C04F79EFBC}") = "Domain", "Domain\Domain.csproj", "{A3A06924-2B0B-4FF7-88DE-F14367E4476C}"
EndProject
Project("{FAE04EC0-301F-11D3-BF4B-00C04F79EFBC}") = "Infrastructure", "Infrastructure\Infrastructure.csproj", "{788DC368-4017-4225-9CAD-A266C1F45BEC}"
EndProject
Global
	GlobalSection(SolutionConfigurationPlatforms) = preSolution
		Debug|Any CPU = Debug|Any CPU
		Debug|x64 = Debug|x64
		Debug|x86 = Debug|x86
		Release|Any CPU = Release|Any CPU
		Release|x64 = Release|x64
		Release|x86 = Release|x86
	EndGlobalSection
	GlobalSection(SolutionProperties) = preSolution
		HideSolutionNode = FALSE
	EndGlobalSection
	GlobalSection(ProjectConfigurationPlatforms) = postSolution
		{3A017413-A2AE-4698-8643-BE66AD4E3E71}.Debug|Any CPU.ActiveCfg = Debug|Any CPU
		{3A017413-A2AE-4698-8643-BE66AD4E3E71}.Debug|Any CPU.Build.0 = Debug|Any CPU
		{3A017413-A2AE-4698-8643-BE66AD4E3E71}.Debug|x64.ActiveCfg = Debug|Any CPU
		{3A017413-A2AE-4698-8643-BE66AD4E3E71}.Debug|x64.Build.0 = Debug|Any CPU
		{3A017413-A2AE-4698-8643-BE66AD4E3E71}.Debug|x86.ActiveCfg = Debug|Any CPU
		{3A017413-A2AE-4698-8643-BE66AD4E3E71}.Debug|x86.Build.0 = Debug|Any CPU
		{3A017413-A2AE-4698-8643-BE66AD4E3E71}.Release|Any CPU.ActiveCfg = Release|Any CPU
		{3A017413-A2AE-4698-8643-BE66AD4E3E71}.Release|Any CPU.Build.0 = Release|Any CPU
		{3A017413-A2AE-4698-8643-BE66AD4E3E71}.Release|x64.ActiveCfg = Release|Any CPU
		{3A017413-A2AE-4698-8643-BE66AD4E3E71}.Release|x64.Build.0 = Release|Any CPU
		{3A017413-A2AE-4698-8643-BE66AD4E3E71}.Release|x86.ActiveCfg = Release|Any CPU
		{3A017413-A2AE-4698-8643-BE66AD4E3E71}.Release|x86.Build.0 = Release|Any CPU
		{0D74B0A9-C89C-4A7E-8A06-F65D85B9C14C}.Debug|Any CPU.ActiveCfg = Debug|Any CPU
		{0D74B0A9-C89C-4A7E-8A06-F65D85B9C14C}.Debug|Any CPU.Build.0 = Debug|Any CPU
		{0D74B0A9-C89C-4A7E-8A06-F65D85B9C14C}.Debug|x64.ActiveCfg = Debug|Any CPU
		{0D74B0A9-C89C-4A7E-8A06-F65D85B9C14C}.Debug|x64.Build.0 = Debug|Any CPU
		{0D74B0A9-C89C-4A7E-8A06-F65D85B9C14C}.Debug|x86.ActiveCfg = Debug|Any CPU
		{0D74B0A9-C89C-4A7E-8A06-F65D85B9C14C}.Debug|x86.Build.0 = Debug|Any CPU
		{0D74B0A9-C89C-4A7E-8A06-F65D85B9C14C}.Release|Any CPU.ActiveCfg = Release|Any CPU
		{0D74B0A9-C89C-4A7E-8A06-F65D85B9C14C}.Release|Any CPU.Build.0 = Release|Any CPU
		{0D74B0A9-C89C-4A7E-8A06-F65D85B9C14C}.Release|x64.ActiveCfg = Release|Any CPU
		{0D74B0A9-C89C-4A7E-8A06-F65D85B9C14C}.Release|x64.Build.0 = Release|Any CPU
		{0D74B0A9-C89C-4A7E-8A06-F65D85B9C14C}.Release|x86.ActiveCfg = Release|Any CPU
		{0D74B0A9-C89C-4A7E-8A06-F65D85B9C14C}.Release|x86.Build.0 = Release|Any CPU
		{8C8FE21D-923A-431F-A954-022DDF6E3C0D}.Debug|Any CPU.ActiveCfg = Debug|Any CPU
		{8C8FE21D-923A-431F-A954-022DDF6E3C0D}.Debug|Any CPU.Build.0 = Debug|Any CPU
		{8C8FE21D-923A-431F-A954-022DDF6E3C0D}.Debug|x64.ActiveCfg = Debug|Any CPU
		{8C8FE21D-923A-431F-A954-022DDF6E3C0D}.Debug|x64.Build.0 = Debug|Any CPU
		{8C8FE21D-923A-431F-A954-022DDF6E3C0D}.Debug|x86.ActiveCfg = Debug|Any CPU
		{8C8FE21D-923A-431F-A954-022DDF6E3C0D}.Debug|x86.Build.0 = Debug|Any CPU
		{8C8FE21D-923A-431F-A954-022DDF6E3C0D}.Release|Any CPU.ActiveCfg = Release|Any CPU
		{8C8FE21D-923A-431F-A954-022DDF6E3C0D}.Release|Any CPU.Build.0 = Release|Any CPU
		{8C8FE21D-923A-431F-A954-022DDF6E3C0D}.Release|x64.ActiveCfg = Release|Any CPU
		{8C8FE21D-923A-431F-A954-022DDF6E3C0D}.Release|x64.Build.0 = Release|Any CPU
		{8C8FE21D-923A-431F-A954-022DDF6E3C0D}.Release|x86.ActiveCfg = Release|Any CPU
		{8C8FE21D-923A-431F-A954-022DDF6E3C0D}.Release|x86.Build.0 = Release|Any CPU
		{A3A06924-2B0B-4FF7-88DE-F14367E4476C}.Debug|Any CPU.ActiveCfg = Debug|Any CPU
		{A3A06924-2B0B-4FF7-88DE-F14367E4476C}.Debug|Any CPU.Build.0 = Debug|Any CPU
		{A3A06924-2B0B-4FF7-88DE-F14367E4476C}.Debug|x64.ActiveCfg = Debug|Any CPU
		{A3A06924-2B0B-4FF7-88DE-F14367E4476C}.Debug|x64.Build.0 = Debug|Any CPU
		{A3A06924-2B0B-4FF7-88DE-F14367E4476C}.Debug|x86.ActiveCfg = Debug|Any CPU
		{A3A06924-2B0B-4FF7-88DE-F14367E4476C}.Debug|x86.Build.0 = Debug|Any CPU
		{A3A06924-2B0B-4FF7-88DE-F14367E4476C}.Release|Any CPU.ActiveCfg = Release|Any CPU
		{A3A06924-2B0B-4FF7-88DE-F14367E4476C}.Release|Any CPU.Build.0 = Release|Any CPU
		{A3A06924-2B0B-4FF7-88DE-F14367E4476C}.Release|x64.ActiveCfg = Release|Any CPU
		{A3A06924-2B0B-4FF7-88DE-F14367E4476C}.Release|x64.Build.0 = Release|Any CPU
		{A3A06924-2B0B-4FF7-88DE-F14367E4476C}.Release|x86.ActiveCfg = Release|Any CPU
		{A3A06924-2B0B-4FF7-88DE-F14367E4476C}.Release|x86.Build.0 = Release|Any CPU
		{788DC368-4017-4225-9CAD-A266C1F45BEC}.Debug|Any CPU.ActiveCfg = Debug|Any CPU
		{788DC368-4017-4225-9CAD-A266C1F45BEC}.Debug|Any CPU.Build.0 = Debug|Any CPU
		{788DC368-4017-4225-9CAD-A266C1F45BEC}.Debug|x64.ActiveCfg = Debug|Any CPU
		{788DC368-4017-4225-9CAD-A266C1F45BEC}.Debug|x64.Build.0 = Debug|Any CPU
		{788DC368-4017-4225-9CAD-A266C1F45BEC}.Debug|x86.ActiveCfg = Debug|Any CPU
		{788DC368-4017-4225-9CAD-A266C1F45BEC}.Debug|x86.Build.0 = Debug|Any CPU
		{788DC368-4017-4225-9CAD-A266C1F45BEC}.Release|Any CPU.ActiveCfg = Release|Any CPU
		{788DC368-4017-4225-9CAD-A266C1F45BEC}.Release|Any CPU.Build.0 = Release|Any CPU
		{788DC368-4017-4225-9CAD-A266C1F45BEC}.Release|x64.ActiveCfg = Release|Any CPU
		{788DC368-4017-4225-9CAD-A266C1F45BEC}.Release|x64.Build.0 = Release|Any CPU
		{788DC368-4017-4225-9CAD-A266C1F45BEC}.Release|x86.ActiveCfg = Release|Any CPU
		{788DC368-4017-4225-9CAD-A266C1F45BEC}.Release|x86.Build.0 = Release|Any CPU
	EndGlobalSection
EndGlobal
